
Microsoft Visual Studio Solution File, Format Version 12.00
# Visual Studio Version 17
VisualStudioVersion = 17.5.33516.290
MinimumVisualStudioVersion = 10.0.40219.1
Project("{FAE04EC0-301F-11D3-BF4B-00C04F79EFBC}") = "BankingAPI", "BankingAPI\BankingAPI.csproj", "{092BA922-54B3-4EF2-B358-247BECD13864}"
EndProject
Global
	GlobalSection(SolutionConfigurationPlatforms) = preSolution
		Debug|Any CPU = Debug|Any CPU
		Release|Any CPU = Release|Any CPU
	EndGlobalSection
	GlobalSection(ProjectConfigurationPlatforms) = postSolution
		{092BA922-54B3-4EF2-B358-247BECD13864}.Debug|Any CPU.ActiveCfg = Debug|Any CPU
		{092BA922-54B3-4EF2-B358-247BECD13864}.Debug|Any CPU.Build.0 = Debug|Any CPU
		{092BA922-54B3-4EF2-B358-247BECD13864}.Release|Any CPU.ActiveCfg = Release|Any CPU
		{092BA922-54B3-4EF2-B358-247BECD13864}.Release|Any CPU.Build.0 = Release|Any CPU
	EndGlobalSection
	GlobalSection(SolutionProperties) = preSolution
		HideSolutionNode = FALSE
	EndGlobalSection
	GlobalSection(ExtensibilityGlobals) = postSolution
		SolutionGuid = {EA4A02C2-2032-442B-A0AB-17B45EFA4881}
	EndGlobalSection
EndGlobal
